
Microsoft Visual Studio Solution File, Format Version 12.00
# Visual Studio Version 17
VisualStudioVersion = 17.10.34916.146
MinimumVisualStudioVersion = 10.0.40219.1
Project("{9A19103F-16F7-4668-BE54-9A1E7A4F7556}") = "ForgeDuplicateHelper", "ForgeDuplicateHelper\ForgeDuplicateHelper.csproj", "{92D7FB29-C5F1-47EB-970E-88FC6F760C5F}"
EndProject
Global
	GlobalSection(SolutionConfigurationPlatforms) = preSolution
		Debug|Any CPU = Debug|Any CPU
		Release|Any CPU = Release|Any CPU
	EndGlobalSection
	GlobalSection(ProjectConfigurationPlatforms) = postSolution
		{92D7FB29-C5F1-47EB-970E-88FC6F760C5F}.Debug|Any CPU.ActiveCfg = Debug|Any CPU
		{92D7FB29-C5F1-47EB-970E-88FC6F760C5F}.Debug|Any CPU.Build.0 = Debug|Any CPU
		{92D7FB29-C5F1-47EB-970E-88FC6F760C5F}.Release|Any CPU.ActiveCfg = Release|Any CPU
		{92D7FB29-C5F1-47EB-970E-88FC6F760C5F}.Release|Any CPU.Build.0 = Release|Any CPU
	EndGlobalSection
	GlobalSection(SolutionProperties) = preSolution
		HideSolutionNode = FALSE
	EndGlobalSection
	GlobalSection(ExtensibilityGlobals) = postSolution
		SolutionGuid = {34388AE3-3124-4433-8E74-095EC03EF97E}
	EndGlobalSection
EndGlobal
